<?xml version="1.0" encoding="utf-8"?>
<Project ToolsVersion="4.0" xmlns="http://schemas.microsoft.com/developer/msbuild/2003">
  <ItemGroup>
    <Filter Include="Source Files">
      <UniqueIdentifier>{4FC737F1-C7A5-4376-A066-2A32D752A2FF}</UniqueIdentifier>
      <Extensions>cpp;c;cc;cxx;def;odl;idl;hpj;bat;asm;asmx</Extensions>
    </Filter>
    <Filter Include="Header Files">
      <UniqueIdentifier>{93995380-89BD-4b04-88EB-625FBE52EBFB}</UniqueIdentifier>
      <Extensions>h;hh;hpp;hxx;hm;inl;inc;ipp;xsd</Extensions>
    </Filter>
    <Filter Include="Resource Files">
      <UniqueIdentifier>{67DA6AB6-F800-4c08-8B7A-83BB121AAD01}</UniqueIdentifier>
      <Extensions>rc;ico;cur;bmp;dlg;rc2;rct;bin;rgs;gif;jpg;jpeg;jpe;resx;tiff;tif;png;wav;mfcribbon-ms</Extensions>
    </Filter>
    <Filter Include="Source Files\World">
      <UniqueIdentifier>{f05b50e1-f2cb-4451-8915-c19f74d44065}</UniqueIdentifier>
    </Filter>
    <Filter Include="Source Files\Objects">
      <UniqueIdentifier>{7b89b723-7575-4f80-9147-2254ec412f7a}</UniqueIdentifier>
    </Filter>
    <Filter Include="Source Files\States">
      <UniqueIdentifier>{367c566b-1cff-4cf8-9b85-c2569960db3a}</UniqueIdentifier>
    </Filter>
    <Filter Include="Source Files\Basecode">
      <UniqueIdentifier>{cabb9292-4437-4c13-a5af-557029e7563e}</UniqueIdentifier>
    </Filter>
    <Filter Include="Header Files\Basecode">
      <UniqueIdentifier>{7689ac25-6f0d-48c4-a06c-5f5195daed30}</UniqueIdentifier>
    </Filter>
    <Filter Include="Header Files\States">
      <UniqueIdentifier>{e47d5404-15c4-4d85-bfe4-ee7b3cffbf33}</UniqueIdentifier>
    </Filter>
    <Filter Include="Header Files\Objects">
      <UniqueIdentifier>{03b85809-7dbe-45a9-81ac-bd8e9a69d5f1}</UniqueIdentifier>
    </Filter>
    <Filter Include="Header Files\World">
      <UniqueIdentifier>{19088494-a41a-4ee0-b190-74ffb130805f}</UniqueIdentifier>
    </Filter>
    <Filter Include="Source Files\Brains">
      <UniqueIdentifier>{33ad2db0-a5f0-4955-875d-9d340a8bedd8}</UniqueIdentifier>
    </Filter>
    <Filter Include="Header Files\Brains">
      <UniqueIdentifier>{f4ad27b9-1711-4cfd-aef3-4aeccec7a1e1}</UniqueIdentifier>
    </Filter>
  </ItemGroup>
  <ItemGroup>
    <ClCompile Include="Robot.cpp">
      <Filter>Source Files\Objects</Filter>
    </ClCompile>
    <ClCompile Include="Map.cpp">
      <Filter>Source Files\World</Filter>
    </ClCompile>
    <ClCompile Include="Bullet.cpp">
      <Filter>Source Files\Objects</Filter>
    </ClCompile>
    <ClCompile Include="Entity.cpp">
      <Filter>Source Files\Objects</Filter>
    </ClCompile>
    <ClCompile Include="Block.cpp">
      <Filter>Source Files\World</Filter>
    </ClCompile>
    <ClCompile Include="TowerState.cpp">
      <Filter>Source Files\States</Filter>
    </ClCompile>
    <ClCompile Include="Game.cpp">
      <Filter>Source Files\Basecode</Filter>
    </ClCompile>
    <ClCompile Include="Main.cpp">
      <Filter>Source Files\Basecode</Filter>
    </ClCompile>
    <ClCompile Include="ResourceManager.cpp">
      <Filter>Source Files\Basecode</Filter>
    </ClCompile>
    <ClCompile Include="State.cpp">
      <Filter>Source Files\Basecode</Filter>
    </ClCompile>
    <ClCompile Include="PlayerBrain.cpp">
      <Filter>Source Files\Brains</Filter>
    </ClCompile>
    <ClCompile Include="EnemyBrain.cpp">
      <Filter>Source Files\Brains</Filter>
    </ClCompile>
    <ClCompile Include="Brain.cpp">
      <Filter>Source Files\Brains</Filter>
    </ClCompile>
    <ClCompile Include="Bomb.cpp">
      <Filter>Source Files\Objects</Filter>
    </ClCompile>
    <ClCompile Include="Smoke.cpp">
      <Filter>Source Files\Objects</Filter>
    </ClCompile>
    <ClCompile Include="Slime.cpp">
      <Filter>Source Files\Objects</Filter>
    </ClCompile>
  </ItemGroup>
  <ItemGroup>
    <ClInclude Include="Game.h">
      <Filter>Header Files\Basecode</Filter>
    </ClInclude>
    <ClInclude Include="State.h">
      <Filter>Header Files\Basecode</Filter>
    </ClInclude>
    <ClInclude Include="ResourceManager.h">
      <Filter>Header Files\Basecode</Filter>
    </ClInclude>
    <ClInclude Include="TowerState.h">
      <Filter>Header Files\States</Filter>
    </ClInclude>
    <ClInclude Include="Robot.h">
      <Filter>Header Files\Objects</Filter>
    </ClInclude>
    <ClInclude Include="Map.h">
      <Filter>Header Files\World</Filter>
    </ClInclude>
    <ClInclude Include="Block.h">
      <Filter>Header Files\World</Filter>
    </ClInclude>
    <ClInclude Include="Bullet.h">
      <Filter>Header Files\Objects</Filter>
    </ClInclude>
    <ClInclude Include="Entity.h">
      <Filter>Header Files\Objects</Filter>
    </ClInclude>
    <ClInclude Include="Constants.h">
      <Filter>Header Files\Basecode</Filter>
    </ClInclude>
    <ClInclude Include="PlayerBrain.h">
      <Filter>Header Files\Brains</Filter>
    </ClInclude>
    <ClInclude Include="EnemyBrain.h">
      <Filter>Header Files\Brains</Filter>
    </ClInclude>
    <ClInclude Include="Brain.h">
      <Filter>Header Files\Brains</Filter>
    </ClInclude>
    <ClInclude Include="Helpers.h">
      <Filter>Header Files\Basecode</Filter>
    </ClInclude>
    <ClInclude Include="Bomb.h">
      <Filter>Header Files\Objects</Filter>
    </ClInclude>
    <ClInclude Include="Smoke.h">
      <Filter>Header Files\Objects</Filter>
    </ClInclude>
    <ClInclude Include="Slime.h">
      <Filter>Header Files</Filter>
    </ClInclude>
  </ItemGroup>
</Project>